
Microsoft Visual Studio Solution File, Format Version 12.00
# Visual Studio Version 17
VisualStudioVersion = 17.11.35312.102
MinimumVisualStudioVersion = 10.0.40219.1
Project("{FAE04EC0-301F-11D3-BF4B-00C04F79EFBC}") = "DependencyInjectionProject", "DependencyInjectionProject\DependencyInjectionProject.csproj", "{86E03958-1211-41A0-8001-FECC6CA21E8E}"
EndProject
Global
	GlobalSection(SolutionConfigurationPlatforms) = preSolution
		Debug|Any CPU = Debug|Any CPU
		Release|Any CPU = Release|Any CPU
	EndGlobalSection
	GlobalSection(ProjectConfigurationPlatforms) = postSolution
		{86E03958-1211-41A0-8001-FECC6CA21E8E}.Debug|Any CPU.ActiveCfg = Debug|Any CPU
		{86E03958-1211-41A0-8001-FECC6CA21E8E}.Debug|Any CPU.Build.0 = Debug|Any CPU
		{86E03958-1211-41A0-8001-FECC6CA21E8E}.Release|Any CPU.ActiveCfg = Release|Any CPU
		{86E03958-1211-41A0-8001-FECC6CA21E8E}.Release|Any CPU.Build.0 = Release|Any CPU
	EndGlobalSection
	GlobalSection(SolutionProperties) = preSolution
		HideSolutionNode = FALSE
	EndGlobalSection
	GlobalSection(ExtensibilityGlobals) = postSolution
		SolutionGuid = {73967991-004D-4C10-BA90-5AAD2E2105F6}
	EndGlobalSection
EndGlobal
