
Microsoft Visual Studio Solution File, Format Version 12.00
# Visual Studio Version 17
VisualStudioVersion = 17.11.35222.181
MinimumVisualStudioVersion = 10.0.40219.1
Project("{FAE04EC0-301F-11D3-BF4B-00C04F79EFBC}") = "MyFirstDb", "MyFirstDb\MyFirstDb.csproj", "{8F09AC19-E861-4526-B76C-41FB56A04210}"
EndProject
Global
	GlobalSection(SolutionConfigurationPlatforms) = preSolution
		Debug|Any CPU = Debug|Any CPU
		Release|Any CPU = Release|Any CPU
	EndGlobalSection
	GlobalSection(ProjectConfigurationPlatforms) = postSolution
		{8F09AC19-E861-4526-B76C-41FB56A04210}.Debug|Any CPU.ActiveCfg = Debug|Any CPU
		{8F09AC19-E861-4526-B76C-41FB56A04210}.Debug|Any CPU.Build.0 = Debug|Any CPU
		{8F09AC19-E861-4526-B76C-41FB56A04210}.Release|Any CPU.ActiveCfg = Release|Any CPU
		{8F09AC19-E861-4526-B76C-41FB56A04210}.Release|Any CPU.Build.0 = Release|Any CPU
	EndGlobalSection
	GlobalSection(SolutionProperties) = preSolution
		HideSolutionNode = FALSE
	EndGlobalSection
	GlobalSection(ExtensibilityGlobals) = postSolution
		SolutionGuid = {470CECC2-D928-42DD-8D3A-564B8728D460}
	EndGlobalSection
EndGlobal
