
Microsoft Visual Studio Solution File, Format Version 12.00
# Visual Studio Version 17
VisualStudioVersion = 17.10.35027.167
MinimumVisualStudioVersion = 10.0.40219.1
Project("{FAE04EC0-301F-11D3-BF4B-00C04F79EFBC}") = "Pratik14", "Pratik14\Pratik14.csproj", "{E1AB6B32-709A-4977-BBE9-42E6BBA8FE10}"
EndProject
Global
	GlobalSection(SolutionConfigurationPlatforms) = preSolution
		Debug|Any CPU = Debug|Any CPU
		Release|Any CPU = Release|Any CPU
	EndGlobalSection
	GlobalSection(ProjectConfigurationPlatforms) = postSolution
		{E1AB6B32-709A-4977-BBE9-42E6BBA8FE10}.Debug|Any CPU.ActiveCfg = Debug|Any CPU
		{E1AB6B32-709A-4977-BBE9-42E6BBA8FE10}.Debug|Any CPU.Build.0 = Debug|Any CPU
		{E1AB6B32-709A-4977-BBE9-42E6BBA8FE10}.Release|Any CPU.ActiveCfg = Release|Any CPU
		{E1AB6B32-709A-4977-BBE9-42E6BBA8FE10}.Release|Any CPU.Build.0 = Release|Any CPU
	EndGlobalSection
	GlobalSection(SolutionProperties) = preSolution
		HideSolutionNode = FALSE
	EndGlobalSection
	GlobalSection(ExtensibilityGlobals) = postSolution
		SolutionGuid = {BC924662-28F8-4513-AC2D-10756A500DD8}
	EndGlobalSection
EndGlobal
