
Microsoft Visual Studio Solution File, Format Version 12.00
# Visual Studio Version 17
VisualStudioVersion = 17.11.35312.102
MinimumVisualStudioVersion = 10.0.40219.1
Project("{FAE04EC0-301F-11D3-BF4B-00C04F79EFBC}") = "Survivor", "Survivor\Survivor.csproj", "{C5CE8295-B234-4C74-B59E-E7AFA4AEA457}"
EndProject
Global
	GlobalSection(SolutionConfigurationPlatforms) = preSolution
		Debug|Any CPU = Debug|Any CPU
		Release|Any CPU = Release|Any CPU
	EndGlobalSection
	GlobalSection(ProjectConfigurationPlatforms) = postSolution
		{C5CE8295-B234-4C74-B59E-E7AFA4AEA457}.Debug|Any CPU.ActiveCfg = Debug|Any CPU
		{C5CE8295-B234-4C74-B59E-E7AFA4AEA457}.Debug|Any CPU.Build.0 = Debug|Any CPU
		{C5CE8295-B234-4C74-B59E-E7AFA4AEA457}.Release|Any CPU.ActiveCfg = Release|Any CPU
		{C5CE8295-B234-4C74-B59E-E7AFA4AEA457}.Release|Any CPU.Build.0 = Release|Any CPU
	EndGlobalSection
	GlobalSection(SolutionProperties) = preSolution
		HideSolutionNode = FALSE
	EndGlobalSection
	GlobalSection(ExtensibilityGlobals) = postSolution
		SolutionGuid = {99E5143A-B974-470E-879B-CF0A6108752D}
	EndGlobalSection
EndGlobal
