
Microsoft Visual Studio Solution File, Format Version 12.00
# Visual Studio Version 17
VisualStudioVersion = 17.11.35327.3
MinimumVisualStudioVersion = 10.0.40219.1
Project("{FAE04EC0-301F-11D3-BF4B-00C04F79EFBC}") = "JWTProject", "JWTProject\JWTProject.csproj", "{A4184250-EBE2-45D5-8DCD-C0150447F7CF}"
EndProject
Global
	GlobalSection(SolutionConfigurationPlatforms) = preSolution
		Debug|Any CPU = Debug|Any CPU
		Release|Any CPU = Release|Any CPU
	EndGlobalSection
	GlobalSection(ProjectConfigurationPlatforms) = postSolution
		{A4184250-EBE2-45D5-8DCD-C0150447F7CF}.Debug|Any CPU.ActiveCfg = Debug|Any CPU
		{A4184250-EBE2-45D5-8DCD-C0150447F7CF}.Debug|Any CPU.Build.0 = Debug|Any CPU
		{A4184250-EBE2-45D5-8DCD-C0150447F7CF}.Release|Any CPU.ActiveCfg = Release|Any CPU
		{A4184250-EBE2-45D5-8DCD-C0150447F7CF}.Release|Any CPU.Build.0 = Release|Any CPU
	EndGlobalSection
	GlobalSection(SolutionProperties) = preSolution
		HideSolutionNode = FALSE
	EndGlobalSection
	GlobalSection(ExtensibilityGlobals) = postSolution
		SolutionGuid = {390AE6BE-44A9-42E3-9220-3EDD948113E6}
	EndGlobalSection
EndGlobal
