
Microsoft Visual Studio Solution File, Format Version 12.00
# Visual Studio Version 17
VisualStudioVersion = 17.10.35027.167
MinimumVisualStudioVersion = 10.0.40219.1
Project("{FAE04EC0-301F-11D3-BF4B-00C04F79EFBC}") = "Pratik11", "Pratik11\Pratik11.csproj", "{028B7C2C-D76E-4209-B30D-7216FD010DC4}"
EndProject
Global
	GlobalSection(SolutionConfigurationPlatforms) = preSolution
		Debug|Any CPU = Debug|Any CPU
		Release|Any CPU = Release|Any CPU
	EndGlobalSection
	GlobalSection(ProjectConfigurationPlatforms) = postSolution
		{028B7C2C-D76E-4209-B30D-7216FD010DC4}.Debug|Any CPU.ActiveCfg = Debug|Any CPU
		{028B7C2C-D76E-4209-B30D-7216FD010DC4}.Debug|Any CPU.Build.0 = Debug|Any CPU
		{028B7C2C-D76E-4209-B30D-7216FD010DC4}.Release|Any CPU.ActiveCfg = Release|Any CPU
		{028B7C2C-D76E-4209-B30D-7216FD010DC4}.Release|Any CPU.Build.0 = Release|Any CPU
	EndGlobalSection
	GlobalSection(SolutionProperties) = preSolution
		HideSolutionNode = FALSE
	EndGlobalSection
	GlobalSection(ExtensibilityGlobals) = postSolution
		SolutionGuid = {068723DD-A67D-4719-98F9-9E04951ECB86}
	EndGlobalSection
EndGlobal
