
Microsoft Visual Studio Solution File, Format Version 12.00
# Visual Studio Version 17
VisualStudioVersion = 17.11.35222.181
MinimumVisualStudioVersion = 10.0.40219.1
Project("{FAE04EC0-301F-11D3-BF4B-00C04F79EFBC}") = "BasicMVCProject", "BasicMVCProject\BasicMVCProject.csproj", "{9E5ED07A-8350-440B-A47A-DFA5F7D1F086}"
EndProject
Global
	GlobalSection(SolutionConfigurationPlatforms) = preSolution
		Debug|Any CPU = Debug|Any CPU
		Release|Any CPU = Release|Any CPU
	EndGlobalSection
	GlobalSection(ProjectConfigurationPlatforms) = postSolution
		{9E5ED07A-8350-440B-A47A-DFA5F7D1F086}.Debug|Any CPU.ActiveCfg = Debug|Any CPU
		{9E5ED07A-8350-440B-A47A-DFA5F7D1F086}.Debug|Any CPU.Build.0 = Debug|Any CPU
		{9E5ED07A-8350-440B-A47A-DFA5F7D1F086}.Release|Any CPU.ActiveCfg = Release|Any CPU
		{9E5ED07A-8350-440B-A47A-DFA5F7D1F086}.Release|Any CPU.Build.0 = Release|Any CPU
	EndGlobalSection
	GlobalSection(SolutionProperties) = preSolution
		HideSolutionNode = FALSE
	EndGlobalSection
	GlobalSection(ExtensibilityGlobals) = postSolution
		SolutionGuid = {3E00C02B-BBB1-48E1-B915-CF71EE9027F7}
	EndGlobalSection
EndGlobal
