
Microsoft Visual Studio Solution File, Format Version 12.00
# Visual Studio Version 17
VisualStudioVersion = 17.11.35312.102
MinimumVisualStudioVersion = 10.0.40219.1
Project("{FAE04EC0-301F-11D3-BF4B-00C04F79EFBC}") = "CodeFirstRelation", "CodeFirstRelation\CodeFirstRelation.csproj", "{A14A0FBE-1E61-45A6-BA8C-03B9D8CD26EF}"
EndProject
Global
	GlobalSection(SolutionConfigurationPlatforms) = preSolution
		Debug|Any CPU = Debug|Any CPU
		Release|Any CPU = Release|Any CPU
	EndGlobalSection
	GlobalSection(ProjectConfigurationPlatforms) = postSolution
		{A14A0FBE-1E61-45A6-BA8C-03B9D8CD26EF}.Debug|Any CPU.ActiveCfg = Debug|Any CPU
		{A14A0FBE-1E61-45A6-BA8C-03B9D8CD26EF}.Debug|Any CPU.Build.0 = Debug|Any CPU
		{A14A0FBE-1E61-45A6-BA8C-03B9D8CD26EF}.Release|Any CPU.ActiveCfg = Release|Any CPU
		{A14A0FBE-1E61-45A6-BA8C-03B9D8CD26EF}.Release|Any CPU.Build.0 = Release|Any CPU
	EndGlobalSection
	GlobalSection(SolutionProperties) = preSolution
		HideSolutionNode = FALSE
	EndGlobalSection
	GlobalSection(ExtensibilityGlobals) = postSolution
		SolutionGuid = {4F7C9C6A-2883-421F-A50B-7E0223396B39}
	EndGlobalSection
EndGlobal
