
Microsoft Visual Studio Solution File, Format Version 12.00
# Visual Studio Version 17
VisualStudioVersion = 17.10.35027.167
MinimumVisualStudioVersion = 10.0.40219.1
Project("{FAE04EC0-301F-11D3-BF4B-00C04F79EFBC}") = "Pratik24", "Pratik24\Pratik24.csproj", "{493D88BA-764C-436E-B77A-9E8177D57414}"
EndProject
Global
	GlobalSection(SolutionConfigurationPlatforms) = preSolution
		Debug|Any CPU = Debug|Any CPU
		Release|Any CPU = Release|Any CPU
	EndGlobalSection
	GlobalSection(ProjectConfigurationPlatforms) = postSolution
		{493D88BA-764C-436E-B77A-9E8177D57414}.Debug|Any CPU.ActiveCfg = Debug|Any CPU
		{493D88BA-764C-436E-B77A-9E8177D57414}.Debug|Any CPU.Build.0 = Debug|Any CPU
		{493D88BA-764C-436E-B77A-9E8177D57414}.Release|Any CPU.ActiveCfg = Release|Any CPU
		{493D88BA-764C-436E-B77A-9E8177D57414}.Release|Any CPU.Build.0 = Release|Any CPU
	EndGlobalSection
	GlobalSection(SolutionProperties) = preSolution
		HideSolutionNode = FALSE
	EndGlobalSection
	GlobalSection(ExtensibilityGlobals) = postSolution
		SolutionGuid = {08B9A26A-3781-482B-81C3-FC1D0F62EA23}
	EndGlobalSection
EndGlobal
